
Microsoft Visual Studio Solution File, Format Version 12.00
# Visual Studio Version 16
VisualStudioVersion = 16.0.29728.190
MinimumVisualStudioVersion = 10.0.40219.1
Project("{9A19103F-16F7-4668-BE54-9A1E7A4F7556}") = "Konference", "Migration\Konference.csproj", "{444EEF4E-43D1-4087-9108-8B4AE65BFA15}"
EndProject
Global
	GlobalSection(SolutionConfigurationPlatforms) = preSolution
		Debug|Any CPU = Debug|Any CPU
		Release|Any CPU = Release|Any CPU
	EndGlobalSection
	GlobalSection(ProjectConfigurationPlatforms) = postSolution
		{444EEF4E-43D1-4087-9108-8B4AE65BFA15}.Debug|Any CPU.ActiveCfg = Debug|Any CPU
		{444EEF4E-43D1-4087-9108-8B4AE65BFA15}.Debug|Any CPU.Build.0 = Debug|Any CPU
		{444EEF4E-43D1-4087-9108-8B4AE65BFA15}.Release|Any CPU.ActiveCfg = Release|Any CPU
		{444EEF4E-43D1-4087-9108-8B4AE65BFA15}.Release|Any CPU.Build.0 = Release|Any CPU
	EndGlobalSection
	GlobalSection(SolutionProperties) = preSolution
		HideSolutionNode = FALSE
	EndGlobalSection
	GlobalSection(ExtensibilityGlobals) = postSolution
		SolutionGuid = {BE4F1C3A-4BE8-4BCF-BBF7-A6BC91F477F1}
	EndGlobalSection
EndGlobal
